
Microsoft Visual Studio Solution File, Format Version 12.00
# Visual Studio 14
VisualStudioVersion = 14.0.25420.1
MinimumVisualStudioVersion = 10.0.40219.1
Project("{A07B5EB6-E848-4116-A8D0-A826331D98C6}") = "HelloWorld", "HelloWorld\HelloWorld.sfproj", "{13EDE558-6628-4D0A-963A-588CA1A50508}"
	ProjectSection(ProjectDependencies) = postProject
		{DEC5D9CF-12AF-45D3-9408-757AD513FE8C} = {DEC5D9CF-12AF-45D3-9408-757AD513FE8C}
	EndProjectSection
EndProject
Project("{FAE04EC0-301F-11D3-BF4B-00C04F79EFBC}") = "HelloWorldAPI", "HelloWorldAPI\HelloWorldAPI.csproj", "{0F11CDDA-9922-422A-850F-582DBC219C38}"
EndProject
Project("{FAE04EC0-301F-11D3-BF4B-00C04F79EFBC}") = "HelloWorld.Test", "UnitTestProject1\HelloWorld.Test.csproj", "{DEC5D9CF-12AF-45D3-9408-757AD513FE8C}"
EndProject
Project("{FAE04EC0-301F-11D3-BF4B-00C04F79EFBC}") = "Denodo", "Denodo\Denodo.csproj", "{86B3AFD1-CF0A-4E1B-9ECF-91DE5E6515E7}"
EndProject
Project("{FAE04EC0-301F-11D3-BF4B-00C04F79EFBC}") = "Models", "Models\Models.csproj", "{CD4C5A0D-9C7D-43FB-B8B7-DBFF76382885}"
EndProject
Global
	GlobalSection(SolutionConfigurationPlatforms) = preSolution
		Debug|Any CPU = Debug|Any CPU
		Debug|x64 = Debug|x64
		Release|Any CPU = Release|Any CPU
		Release|x64 = Release|x64
	EndGlobalSection
	GlobalSection(ProjectConfigurationPlatforms) = postSolution
		{13EDE558-6628-4D0A-963A-588CA1A50508}.Debug|Any CPU.ActiveCfg = Debug|x64
		{13EDE558-6628-4D0A-963A-588CA1A50508}.Debug|Any CPU.Build.0 = Debug|x64
		{13EDE558-6628-4D0A-963A-588CA1A50508}.Debug|x64.ActiveCfg = Debug|x64
		{13EDE558-6628-4D0A-963A-588CA1A50508}.Debug|x64.Build.0 = Debug|x64
		{13EDE558-6628-4D0A-963A-588CA1A50508}.Debug|x64.Deploy.0 = Debug|x64
		{13EDE558-6628-4D0A-963A-588CA1A50508}.Release|Any CPU.ActiveCfg = Release|x64
		{13EDE558-6628-4D0A-963A-588CA1A50508}.Release|x64.ActiveCfg = Release|x64
		{13EDE558-6628-4D0A-963A-588CA1A50508}.Release|x64.Build.0 = Release|x64
		{13EDE558-6628-4D0A-963A-588CA1A50508}.Release|x64.Deploy.0 = Release|x64
		{0F11CDDA-9922-422A-850F-582DBC219C38}.Debug|Any CPU.ActiveCfg = Debug|x64
		{0F11CDDA-9922-422A-850F-582DBC219C38}.Debug|Any CPU.Build.0 = Debug|x64
		{0F11CDDA-9922-422A-850F-582DBC219C38}.Debug|x64.ActiveCfg = Debug|x64
		{0F11CDDA-9922-422A-850F-582DBC219C38}.Debug|x64.Build.0 = Debug|x64
		{0F11CDDA-9922-422A-850F-582DBC219C38}.Release|Any CPU.ActiveCfg = Release|x64
		{0F11CDDA-9922-422A-850F-582DBC219C38}.Release|x64.ActiveCfg = Release|x64
		{0F11CDDA-9922-422A-850F-582DBC219C38}.Release|x64.Build.0 = Release|x64
		{DEC5D9CF-12AF-45D3-9408-757AD513FE8C}.Debug|Any CPU.ActiveCfg = Debug|Any CPU
		{DEC5D9CF-12AF-45D3-9408-757AD513FE8C}.Debug|Any CPU.Build.0 = Debug|Any CPU
		{DEC5D9CF-12AF-45D3-9408-757AD513FE8C}.Debug|x64.ActiveCfg = Debug|Any CPU
		{DEC5D9CF-12AF-45D3-9408-757AD513FE8C}.Debug|x64.Build.0 = Debug|Any CPU
		{DEC5D9CF-12AF-45D3-9408-757AD513FE8C}.Release|Any CPU.ActiveCfg = Release|Any CPU
		{DEC5D9CF-12AF-45D3-9408-757AD513FE8C}.Release|Any CPU.Build.0 = Release|Any CPU
		{DEC5D9CF-12AF-45D3-9408-757AD513FE8C}.Release|x64.ActiveCfg = Release|Any CPU
		{DEC5D9CF-12AF-45D3-9408-757AD513FE8C}.Release|x64.Build.0 = Release|Any CPU
		{86B3AFD1-CF0A-4E1B-9ECF-91DE5E6515E7}.Debug|Any CPU.ActiveCfg = Debug|Any CPU
		{86B3AFD1-CF0A-4E1B-9ECF-91DE5E6515E7}.Debug|Any CPU.Build.0 = Debug|Any CPU
		{86B3AFD1-CF0A-4E1B-9ECF-91DE5E6515E7}.Debug|x64.ActiveCfg = Debug|Any CPU
		{86B3AFD1-CF0A-4E1B-9ECF-91DE5E6515E7}.Debug|x64.Build.0 = Debug|Any CPU
		{86B3AFD1-CF0A-4E1B-9ECF-91DE5E6515E7}.Release|Any CPU.ActiveCfg = Release|Any CPU
		{86B3AFD1-CF0A-4E1B-9ECF-91DE5E6515E7}.Release|Any CPU.Build.0 = Release|Any CPU
		{86B3AFD1-CF0A-4E1B-9ECF-91DE5E6515E7}.Release|x64.ActiveCfg = Release|Any CPU
		{86B3AFD1-CF0A-4E1B-9ECF-91DE5E6515E7}.Release|x64.Build.0 = Release|Any CPU
		{CD4C5A0D-9C7D-43FB-B8B7-DBFF76382885}.Debug|Any CPU.ActiveCfg = Debug|Any CPU
		{CD4C5A0D-9C7D-43FB-B8B7-DBFF76382885}.Debug|Any CPU.Build.0 = Debug|Any CPU
		{CD4C5A0D-9C7D-43FB-B8B7-DBFF76382885}.Debug|x64.ActiveCfg = Debug|Any CPU
		{CD4C5A0D-9C7D-43FB-B8B7-DBFF76382885}.Debug|x64.Build.0 = Debug|Any CPU
		{CD4C5A0D-9C7D-43FB-B8B7-DBFF76382885}.Release|Any CPU.ActiveCfg = Release|Any CPU
		{CD4C5A0D-9C7D-43FB-B8B7-DBFF76382885}.Release|Any CPU.Build.0 = Release|Any CPU
		{CD4C5A0D-9C7D-43FB-B8B7-DBFF76382885}.Release|x64.ActiveCfg = Release|Any CPU
		{CD4C5A0D-9C7D-43FB-B8B7-DBFF76382885}.Release|x64.Build.0 = Release|Any CPU
	EndGlobalSection
	GlobalSection(SolutionProperties) = preSolution
		HideSolutionNode = FALSE
	EndGlobalSection
EndGlobal
