
Microsoft Visual Studio Solution File, Format Version 12.00
# Visual Studio 14
VisualStudioVersion = 14.0.25420.1
MinimumVisualStudioVersion = 10.0.40219.1
Project("{A07B5EB6-E848-4116-A8D0-A826331D98C6}") = "ProjectOrder", "ProjectOrder\ProjectOrder.sfproj", "{30F0915F-24B7-45D6-B02C-62329D0D1589}"
EndProject
Project("{FAE04EC0-301F-11D3-BF4B-00C04F79EFBC}") = "ProjectOrder.API", "ProjectOrder.API\ProjectOrder.API.csproj", "{16EBCB19-7CDE-404C-9D4C-E3784164285F}"
EndProject
Project("{FAE04EC0-301F-11D3-BF4B-00C04F79EFBC}") = "ProjectOrder.BusinessLayer", "ProjectOrder.BusinessLayer\ProjectOrder.BusinessLayer.csproj", "{A4E08135-6F64-4956-B03A-DE3B8E0DB667}"
EndProject
Project("{FAE04EC0-301F-11D3-BF4B-00C04F79EFBC}") = "ProjectOrder.DataLayer", "ProjectOrder.DataLayer\ProjectOrder.DataLayer.csproj", "{29ADA658-4AED-4525-886E-21983A2377FF}"
EndProject
Project("{FAE04EC0-301F-11D3-BF4B-00C04F79EFBC}") = "ProjectOrder.DataLayerInterface", "ProjectOrder.DataLayerInterface\ProjectOrder.DataLayerInterface.csproj", "{C9309369-60E2-42F5-ADBE-AD8EF17279E0}"
EndProject
Project("{FAE04EC0-301F-11D3-BF4B-00C04F79EFBC}") = "ProjectOrder.Model", "ProjectOrder.Model\ProjectOrder.Model.csproj", "{977200F3-D84D-4A15-A7BE-1F45FD96C009}"
EndProject
Project("{FAE04EC0-301F-11D3-BF4B-00C04F79EFBC}") = "ProjectOrder.UnitTest", "ProjectOrder.UnitTest\ProjectOrder.UnitTest.csproj", "{2ABD73BC-43EC-496B-97CE-34C07936F53E}"
EndProject
Project("{FAE04EC0-301F-11D3-BF4B-00C04F79EFBC}") = "ProjectOrder.LoadTest", "ProjectOrder.LoadTest\ProjectOrder.LoadTest.csproj", "{DA273EAD-D393-4DD3-9B8C-3CCEFB39C720}"
EndProject
Project("{2150E333-8FDC-42A3-9474-1A3956D46DE8}") = "Solution Items", "Solution Items", "{EAC945D5-C82E-41D9-A1F5-13ED3ED41E5C}"
	ProjectSection(SolutionItems) = preProject
		Local.testsettings = Local.testsettings
	EndProjectSection
EndProject
Global
	GlobalSection(SolutionConfigurationPlatforms) = preSolution
		Debug|Any CPU = Debug|Any CPU
		Debug|x64 = Debug|x64
		Release|Any CPU = Release|Any CPU
		Release|x64 = Release|x64
	EndGlobalSection
	GlobalSection(ProjectConfigurationPlatforms) = postSolution
		{30F0915F-24B7-45D6-B02C-62329D0D1589}.Debug|Any CPU.ActiveCfg = Debug|x64
		{30F0915F-24B7-45D6-B02C-62329D0D1589}.Debug|x64.ActiveCfg = Debug|x64
		{30F0915F-24B7-45D6-B02C-62329D0D1589}.Debug|x64.Build.0 = Debug|x64
		{30F0915F-24B7-45D6-B02C-62329D0D1589}.Debug|x64.Deploy.0 = Debug|x64
		{30F0915F-24B7-45D6-B02C-62329D0D1589}.Release|Any CPU.ActiveCfg = Release|x64
		{30F0915F-24B7-45D6-B02C-62329D0D1589}.Release|x64.ActiveCfg = Release|x64
		{30F0915F-24B7-45D6-B02C-62329D0D1589}.Release|x64.Build.0 = Release|x64
		{30F0915F-24B7-45D6-B02C-62329D0D1589}.Release|x64.Deploy.0 = Release|x64
		{16EBCB19-7CDE-404C-9D4C-E3784164285F}.Debug|Any CPU.ActiveCfg = Debug|x64
		{16EBCB19-7CDE-404C-9D4C-E3784164285F}.Debug|x64.ActiveCfg = Debug|x64
		{16EBCB19-7CDE-404C-9D4C-E3784164285F}.Debug|x64.Build.0 = Debug|x64
		{16EBCB19-7CDE-404C-9D4C-E3784164285F}.Release|Any CPU.ActiveCfg = Release|x64
		{16EBCB19-7CDE-404C-9D4C-E3784164285F}.Release|x64.ActiveCfg = Release|x64
		{16EBCB19-7CDE-404C-9D4C-E3784164285F}.Release|x64.Build.0 = Release|x64
		{A4E08135-6F64-4956-B03A-DE3B8E0DB667}.Debug|Any CPU.ActiveCfg = Debug|Any CPU
		{A4E08135-6F64-4956-B03A-DE3B8E0DB667}.Debug|Any CPU.Build.0 = Debug|Any CPU
		{A4E08135-6F64-4956-B03A-DE3B8E0DB667}.Debug|x64.ActiveCfg = Debug|Any CPU
		{A4E08135-6F64-4956-B03A-DE3B8E0DB667}.Debug|x64.Build.0 = Debug|Any CPU
		{A4E08135-6F64-4956-B03A-DE3B8E0DB667}.Release|Any CPU.ActiveCfg = Release|Any CPU
		{A4E08135-6F64-4956-B03A-DE3B8E0DB667}.Release|Any CPU.Build.0 = Release|Any CPU
		{A4E08135-6F64-4956-B03A-DE3B8E0DB667}.Release|x64.ActiveCfg = Release|Any CPU
		{A4E08135-6F64-4956-B03A-DE3B8E0DB667}.Release|x64.Build.0 = Release|Any CPU
		{29ADA658-4AED-4525-886E-21983A2377FF}.Debug|Any CPU.ActiveCfg = Debug|Any CPU
		{29ADA658-4AED-4525-886E-21983A2377FF}.Debug|Any CPU.Build.0 = Debug|Any CPU
		{29ADA658-4AED-4525-886E-21983A2377FF}.Debug|x64.ActiveCfg = Debug|Any CPU
		{29ADA658-4AED-4525-886E-21983A2377FF}.Debug|x64.Build.0 = Debug|Any CPU
		{29ADA658-4AED-4525-886E-21983A2377FF}.Release|Any CPU.ActiveCfg = Release|Any CPU
		{29ADA658-4AED-4525-886E-21983A2377FF}.Release|Any CPU.Build.0 = Release|Any CPU
		{29ADA658-4AED-4525-886E-21983A2377FF}.Release|x64.ActiveCfg = Release|Any CPU
		{29ADA658-4AED-4525-886E-21983A2377FF}.Release|x64.Build.0 = Release|Any CPU
		{C9309369-60E2-42F5-ADBE-AD8EF17279E0}.Debug|Any CPU.ActiveCfg = Debug|Any CPU
		{C9309369-60E2-42F5-ADBE-AD8EF17279E0}.Debug|Any CPU.Build.0 = Debug|Any CPU
		{C9309369-60E2-42F5-ADBE-AD8EF17279E0}.Debug|x64.ActiveCfg = Debug|Any CPU
		{C9309369-60E2-42F5-ADBE-AD8EF17279E0}.Debug|x64.Build.0 = Debug|Any CPU
		{C9309369-60E2-42F5-ADBE-AD8EF17279E0}.Release|Any CPU.ActiveCfg = Release|Any CPU
		{C9309369-60E2-42F5-ADBE-AD8EF17279E0}.Release|Any CPU.Build.0 = Release|Any CPU
		{C9309369-60E2-42F5-ADBE-AD8EF17279E0}.Release|x64.ActiveCfg = Release|Any CPU
		{C9309369-60E2-42F5-ADBE-AD8EF17279E0}.Release|x64.Build.0 = Release|Any CPU
		{977200F3-D84D-4A15-A7BE-1F45FD96C009}.Debug|Any CPU.ActiveCfg = Debug|Any CPU
		{977200F3-D84D-4A15-A7BE-1F45FD96C009}.Debug|Any CPU.Build.0 = Debug|Any CPU
		{977200F3-D84D-4A15-A7BE-1F45FD96C009}.Debug|x64.ActiveCfg = Debug|Any CPU
		{977200F3-D84D-4A15-A7BE-1F45FD96C009}.Debug|x64.Build.0 = Debug|Any CPU
		{977200F3-D84D-4A15-A7BE-1F45FD96C009}.Release|Any CPU.ActiveCfg = Release|Any CPU
		{977200F3-D84D-4A15-A7BE-1F45FD96C009}.Release|Any CPU.Build.0 = Release|Any CPU
		{977200F3-D84D-4A15-A7BE-1F45FD96C009}.Release|x64.ActiveCfg = Release|Any CPU
		{977200F3-D84D-4A15-A7BE-1F45FD96C009}.Release|x64.Build.0 = Release|Any CPU
		{2ABD73BC-43EC-496B-97CE-34C07936F53E}.Debug|Any CPU.ActiveCfg = Debug|Any CPU
		{2ABD73BC-43EC-496B-97CE-34C07936F53E}.Debug|Any CPU.Build.0 = Debug|Any CPU
		{2ABD73BC-43EC-496B-97CE-34C07936F53E}.Debug|x64.ActiveCfg = Debug|Any CPU
		{2ABD73BC-43EC-496B-97CE-34C07936F53E}.Debug|x64.Build.0 = Debug|Any CPU
		{2ABD73BC-43EC-496B-97CE-34C07936F53E}.Release|Any CPU.ActiveCfg = Release|Any CPU
		{2ABD73BC-43EC-496B-97CE-34C07936F53E}.Release|Any CPU.Build.0 = Release|Any CPU
		{2ABD73BC-43EC-496B-97CE-34C07936F53E}.Release|x64.ActiveCfg = Release|Any CPU
		{2ABD73BC-43EC-496B-97CE-34C07936F53E}.Release|x64.Build.0 = Release|Any CPU
		{DA273EAD-D393-4DD3-9B8C-3CCEFB39C720}.Debug|Any CPU.ActiveCfg = Debug|Any CPU
		{DA273EAD-D393-4DD3-9B8C-3CCEFB39C720}.Debug|Any CPU.Build.0 = Debug|Any CPU
		{DA273EAD-D393-4DD3-9B8C-3CCEFB39C720}.Debug|x64.ActiveCfg = Debug|Any CPU
		{DA273EAD-D393-4DD3-9B8C-3CCEFB39C720}.Debug|x64.Build.0 = Debug|Any CPU
		{DA273EAD-D393-4DD3-9B8C-3CCEFB39C720}.Release|Any CPU.ActiveCfg = Release|Any CPU
		{DA273EAD-D393-4DD3-9B8C-3CCEFB39C720}.Release|Any CPU.Build.0 = Release|Any CPU
		{DA273EAD-D393-4DD3-9B8C-3CCEFB39C720}.Release|x64.ActiveCfg = Release|Any CPU
		{DA273EAD-D393-4DD3-9B8C-3CCEFB39C720}.Release|x64.Build.0 = Release|Any CPU
	EndGlobalSection
	GlobalSection(SolutionProperties) = preSolution
		HideSolutionNode = FALSE
	EndGlobalSection
EndGlobal
