
Microsoft Visual Studio Solution File, Format Version 12.00
# Visual Studio 14
VisualStudioVersion = 14.0.25420.1
MinimumVisualStudioVersion = 10.0.40219.1
Project("{A07B5EB6-E848-4116-A8D0-A826331D98C6}") = "OrderSecuredRevenue", "OrderSecuredRevenue\OrderSecuredRevenue.sfproj", "{CEA59690-C239-45FC-B559-D43989C5D741}"
EndProject
Project("{FAE04EC0-301F-11D3-BF4B-00C04F79EFBC}") = "OrderSecuredRevenue.API", "OrderSecuredRevenue.API\OrderSecuredRevenue.API.csproj", "{9A5E4FBF-DB71-4440-896E-A7AF43CC3350}"
EndProject
Project("{FAE04EC0-301F-11D3-BF4B-00C04F79EFBC}") = "OrderSecuredRevenue.BusinessLayer", "OrderSecuredRevenue.BusinessLayer\OrderSecuredRevenue.BusinessLayer.csproj", "{D44A55F3-4D9C-47B0-B402-05F6D75E990E}"
EndProject
Project("{FAE04EC0-301F-11D3-BF4B-00C04F79EFBC}") = "OrderSecuredRevenue.Common", "OrderSecuredRevenue.Common\OrderSecuredRevenue.Common.csproj", "{D7087EB9-80B7-4CEC-B429-69C6F87D8ACC}"
EndProject
Project("{FAE04EC0-301F-11D3-BF4B-00C04F79EFBC}") = "OrderSecuredRevenue.DataLayer", "OrderSecuredRevenue.DataLayer\OrderSecuredRevenue.DataLayer.csproj", "{F8198F47-8933-4112-8724-15631D05CB12}"
EndProject
Project("{FAE04EC0-301F-11D3-BF4B-00C04F79EFBC}") = "OrderSecuredRevenue.LoadTest", "OrderSecuredRevenue.LoadTest\OrderSecuredRevenue.LoadTest.csproj", "{C46FB8D0-A671-4173-87E5-F34DA71D2581}"
EndProject
Project("{FAE04EC0-301F-11D3-BF4B-00C04F79EFBC}") = "OrderSecuredRevenue.Model", "OrderSecuredRevenue.Model\OrderSecuredRevenue.Model.csproj", "{8129788C-6786-45DB-A383-57A1E2D23E7A}"
EndProject
Project("{FAE04EC0-301F-11D3-BF4B-00C04F79EFBC}") = "OrderSecuredRevenue.UnitTest", "OrderSecuredRevenue.UnitTest\OrderSecuredRevenue.UnitTest.csproj", "{A9215428-FFA9-4C50-A576-EBC0C16C5FE8}"
EndProject
Global
	GlobalSection(SolutionConfigurationPlatforms) = preSolution
		Debug|Any CPU = Debug|Any CPU
		Debug|x64 = Debug|x64
		Release|Any CPU = Release|Any CPU
		Release|x64 = Release|x64
	EndGlobalSection
	GlobalSection(ProjectConfigurationPlatforms) = postSolution
		{CEA59690-C239-45FC-B559-D43989C5D741}.Debug|Any CPU.ActiveCfg = Debug|x64
		{CEA59690-C239-45FC-B559-D43989C5D741}.Debug|x64.ActiveCfg = Debug|x64
		{CEA59690-C239-45FC-B559-D43989C5D741}.Debug|x64.Build.0 = Debug|x64
		{CEA59690-C239-45FC-B559-D43989C5D741}.Debug|x64.Deploy.0 = Debug|x64
		{CEA59690-C239-45FC-B559-D43989C5D741}.Release|Any CPU.ActiveCfg = Release|x64
		{CEA59690-C239-45FC-B559-D43989C5D741}.Release|x64.ActiveCfg = Release|x64
		{CEA59690-C239-45FC-B559-D43989C5D741}.Release|x64.Build.0 = Release|x64
		{CEA59690-C239-45FC-B559-D43989C5D741}.Release|x64.Deploy.0 = Release|x64
		{9A5E4FBF-DB71-4440-896E-A7AF43CC3350}.Debug|Any CPU.ActiveCfg = Debug|x64
		{9A5E4FBF-DB71-4440-896E-A7AF43CC3350}.Debug|x64.ActiveCfg = Debug|x64
		{9A5E4FBF-DB71-4440-896E-A7AF43CC3350}.Debug|x64.Build.0 = Debug|x64
		{9A5E4FBF-DB71-4440-896E-A7AF43CC3350}.Release|Any CPU.ActiveCfg = Release|x64
		{9A5E4FBF-DB71-4440-896E-A7AF43CC3350}.Release|x64.ActiveCfg = Release|x64
		{9A5E4FBF-DB71-4440-896E-A7AF43CC3350}.Release|x64.Build.0 = Release|x64
		{D44A55F3-4D9C-47B0-B402-05F6D75E990E}.Debug|Any CPU.ActiveCfg = Debug|Any CPU
		{D44A55F3-4D9C-47B0-B402-05F6D75E990E}.Debug|Any CPU.Build.0 = Debug|Any CPU
		{D44A55F3-4D9C-47B0-B402-05F6D75E990E}.Debug|x64.ActiveCfg = Debug|Any CPU
		{D44A55F3-4D9C-47B0-B402-05F6D75E990E}.Debug|x64.Build.0 = Debug|Any CPU
		{D44A55F3-4D9C-47B0-B402-05F6D75E990E}.Release|Any CPU.ActiveCfg = Release|Any CPU
		{D44A55F3-4D9C-47B0-B402-05F6D75E990E}.Release|Any CPU.Build.0 = Release|Any CPU
		{D44A55F3-4D9C-47B0-B402-05F6D75E990E}.Release|x64.ActiveCfg = Release|Any CPU
		{D44A55F3-4D9C-47B0-B402-05F6D75E990E}.Release|x64.Build.0 = Release|Any CPU
		{D7087EB9-80B7-4CEC-B429-69C6F87D8ACC}.Debug|Any CPU.ActiveCfg = Debug|Any CPU
		{D7087EB9-80B7-4CEC-B429-69C6F87D8ACC}.Debug|Any CPU.Build.0 = Debug|Any CPU
		{D7087EB9-80B7-4CEC-B429-69C6F87D8ACC}.Debug|x64.ActiveCfg = Debug|Any CPU
		{D7087EB9-80B7-4CEC-B429-69C6F87D8ACC}.Debug|x64.Build.0 = Debug|Any CPU
		{D7087EB9-80B7-4CEC-B429-69C6F87D8ACC}.Release|Any CPU.ActiveCfg = Release|Any CPU
		{D7087EB9-80B7-4CEC-B429-69C6F87D8ACC}.Release|Any CPU.Build.0 = Release|Any CPU
		{D7087EB9-80B7-4CEC-B429-69C6F87D8ACC}.Release|x64.ActiveCfg = Release|Any CPU
		{D7087EB9-80B7-4CEC-B429-69C6F87D8ACC}.Release|x64.Build.0 = Release|Any CPU
		{F8198F47-8933-4112-8724-15631D05CB12}.Debug|Any CPU.ActiveCfg = Debug|Any CPU
		{F8198F47-8933-4112-8724-15631D05CB12}.Debug|Any CPU.Build.0 = Debug|Any CPU
		{F8198F47-8933-4112-8724-15631D05CB12}.Debug|x64.ActiveCfg = Debug|Any CPU
		{F8198F47-8933-4112-8724-15631D05CB12}.Debug|x64.Build.0 = Debug|Any CPU
		{F8198F47-8933-4112-8724-15631D05CB12}.Release|Any CPU.ActiveCfg = Release|Any CPU
		{F8198F47-8933-4112-8724-15631D05CB12}.Release|Any CPU.Build.0 = Release|Any CPU
		{F8198F47-8933-4112-8724-15631D05CB12}.Release|x64.ActiveCfg = Release|Any CPU
		{F8198F47-8933-4112-8724-15631D05CB12}.Release|x64.Build.0 = Release|Any CPU
		{C46FB8D0-A671-4173-87E5-F34DA71D2581}.Debug|Any CPU.ActiveCfg = Debug|Any CPU
		{C46FB8D0-A671-4173-87E5-F34DA71D2581}.Debug|Any CPU.Build.0 = Debug|Any CPU
		{C46FB8D0-A671-4173-87E5-F34DA71D2581}.Debug|x64.ActiveCfg = Debug|Any CPU
		{C46FB8D0-A671-4173-87E5-F34DA71D2581}.Debug|x64.Build.0 = Debug|Any CPU
		{C46FB8D0-A671-4173-87E5-F34DA71D2581}.Release|Any CPU.ActiveCfg = Release|Any CPU
		{C46FB8D0-A671-4173-87E5-F34DA71D2581}.Release|Any CPU.Build.0 = Release|Any CPU
		{C46FB8D0-A671-4173-87E5-F34DA71D2581}.Release|x64.ActiveCfg = Release|Any CPU
		{C46FB8D0-A671-4173-87E5-F34DA71D2581}.Release|x64.Build.0 = Release|Any CPU
		{8129788C-6786-45DB-A383-57A1E2D23E7A}.Debug|Any CPU.ActiveCfg = Debug|Any CPU
		{8129788C-6786-45DB-A383-57A1E2D23E7A}.Debug|Any CPU.Build.0 = Debug|Any CPU
		{8129788C-6786-45DB-A383-57A1E2D23E7A}.Debug|x64.ActiveCfg = Debug|Any CPU
		{8129788C-6786-45DB-A383-57A1E2D23E7A}.Debug|x64.Build.0 = Debug|Any CPU
		{8129788C-6786-45DB-A383-57A1E2D23E7A}.Release|Any CPU.ActiveCfg = Release|Any CPU
		{8129788C-6786-45DB-A383-57A1E2D23E7A}.Release|Any CPU.Build.0 = Release|Any CPU
		{8129788C-6786-45DB-A383-57A1E2D23E7A}.Release|x64.ActiveCfg = Release|Any CPU
		{8129788C-6786-45DB-A383-57A1E2D23E7A}.Release|x64.Build.0 = Release|Any CPU
		{A9215428-FFA9-4C50-A576-EBC0C16C5FE8}.Debug|Any CPU.ActiveCfg = Debug|Any CPU
		{A9215428-FFA9-4C50-A576-EBC0C16C5FE8}.Debug|Any CPU.Build.0 = Debug|Any CPU
		{A9215428-FFA9-4C50-A576-EBC0C16C5FE8}.Debug|x64.ActiveCfg = Debug|Any CPU
		{A9215428-FFA9-4C50-A576-EBC0C16C5FE8}.Debug|x64.Build.0 = Debug|Any CPU
		{A9215428-FFA9-4C50-A576-EBC0C16C5FE8}.Release|Any CPU.ActiveCfg = Release|Any CPU
		{A9215428-FFA9-4C50-A576-EBC0C16C5FE8}.Release|Any CPU.Build.0 = Release|Any CPU
		{A9215428-FFA9-4C50-A576-EBC0C16C5FE8}.Release|x64.ActiveCfg = Release|Any CPU
		{A9215428-FFA9-4C50-A576-EBC0C16C5FE8}.Release|x64.Build.0 = Release|Any CPU
	EndGlobalSection
	GlobalSection(SolutionProperties) = preSolution
		HideSolutionNode = FALSE
	EndGlobalSection
	GlobalSection(TeamFoundationVersionControl) = preSolution
		SccNumberOfProjects = 6
		SccEnterpriseProvider = {4CA58AB2-18FA-4F8D-95D4-32DDF27D184C}
		SccTeamFoundationServer = http://c-mumsm12:8080/tfs/businesssolutions
		SccProjectUniqueName0 = OrderSecuredRevenue.BusinessLayer\\OrderSecuredRevenue.BusinessLayer.csproj
		SccProjectName0 = OrderSecuredRevenue.BusinessLayer
		SccAuxPath0 = http://c-mumsm12:8080/tfs/businesssolutions
		SccLocalPath0 = OrderSecuredRevenue.BusinessLayer
		SccProvider0 = {4CA58AB2-18FA-4F8D-95D4-32DDF27D184C}
		SccProjectUniqueName1 = OrderSecuredRevenue.Common\\OrderSecuredRevenue.Common.csproj
		SccProjectName1 = OrderSecuredRevenue.Common
		SccAuxPath1 = http://c-mumsm12:8080/tfs/businesssolutions
		SccLocalPath1 = OrderSecuredRevenue.Common
		SccProvider1 = {4CA58AB2-18FA-4F8D-95D4-32DDF27D184C}
		SccProjectUniqueName2 = OrderSecuredRevenue.DataLayer\\OrderSecuredRevenue.DataLayer.csproj
		SccProjectName2 = OrderSecuredRevenue.DataLayer
		SccAuxPath2 = http://c-mumsm12:8080/tfs/businesssolutions
		SccLocalPath2 = OrderSecuredRevenue.DataLayer
		SccProvider2 = {4CA58AB2-18FA-4F8D-95D4-32DDF27D184C}
		SccProjectUniqueName3 = OrderSecuredRevenue.LoadTest\\OrderSecuredRevenue.LoadTest.csproj
		SccProjectName3 = OrderSecuredRevenue.LoadTest
		SccAuxPath3 = http://c-mumsm12:8080/tfs/businesssolutions
		SccLocalPath3 = OrderSecuredRevenue.LoadTest
		SccProvider3 = {4CA58AB2-18FA-4F8D-95D4-32DDF27D184C}
		SccProjectUniqueName4 = OrderSecuredRevenue.Model\\OrderSecuredRevenue.Model.csproj
		SccProjectName4 = OrderSecuredRevenue.Model
		SccAuxPath4 = http://c-mumsm12:8080/tfs/businesssolutions
		SccLocalPath4 = OrderSecuredRevenue.Model
		SccProvider4 = {4CA58AB2-18FA-4F8D-95D4-32DDF27D184C}
		SccProjectUniqueName5 = OrderSecuredRevenue.UnitTest\\OrderSecuredRevenue.UnitTest.csproj
		SccProjectName5 = OrderSecuredRevenue.UnitTest
		SccAuxPath5 = http://c-mumsm12:8080/tfs/businesssolutions
		SccLocalPath5 = OrderSecuredRevenue.UnitTest
		SccProvider5 = {4CA58AB2-18FA-4F8D-95D4-32DDF27D184C}
	EndGlobalSection
EndGlobal
