
Microsoft Visual Studio Solution File, Format Version 12.00
# Visual Studio 14
VisualStudioVersion = 14.0.25420.1
MinimumVisualStudioVersion = 10.0.40219.1
Project("{A07B5EB6-E848-4116-A8D0-A826331D98C6}") = "CreditStatus", "CreditStatus\CreditStatus.sfproj", "{56A77AE3-4D2B-494D-86CD-2D74258CD254}"
EndProject
Project("{FAE04EC0-301F-11D3-BF4B-00C04F79EFBC}") = "CreditStatus.API", "CreditStatus.API\CreditStatus.API.csproj", "{22E90C09-0EF7-4C9B-847E-2DA2F11D1B7D}"
EndProject
Project("{FAE04EC0-301F-11D3-BF4B-00C04F79EFBC}") = "CreditStatus.BusinessLayer", "CreditStatus.BusinessLayer\CreditStatus.BusinessLayer.csproj", "{7E340811-D099-41A2-832A-FD13CB633F4B}"
EndProject
Project("{FAE04EC0-301F-11D3-BF4B-00C04F79EFBC}") = "CreditStatus.Common", "CreditStatus.Common\CreditStatus.Common.csproj", "{47BA22AF-E595-4756-BF2A-5EC0D8B29EED}"
EndProject
Project("{FAE04EC0-301F-11D3-BF4B-00C04F79EFBC}") = "CreditStatus.DataLayer", "CreditStatus.DataLayer\CreditStatus.DataLayer.csproj", "{7F596580-67E6-4B10-9092-58F0D8FAAB93}"
EndProject
Project("{FAE04EC0-301F-11D3-BF4B-00C04F79EFBC}") = "CreditStatus.LoadTest", "CreditStatus.LoadTest\CreditStatus.LoadTest.csproj", "{1A76B909-8FB1-4D0D-8980-316496E284DC}"
EndProject
Project("{2150E333-8FDC-42A3-9474-1A3956D46DE8}") = "Solution Items", "Solution Items", "{24478737-49AE-49AF-A175-95F9BFAEC3CB}"
	ProjectSection(SolutionItems) = preProject
		Local.testsettings = Local.testsettings
	EndProjectSection
EndProject
Project("{FAE04EC0-301F-11D3-BF4B-00C04F79EFBC}") = "CreditStatus.Model", "CreditStatus.Model\CreditStatus.Model.csproj", "{224A7E79-7E9F-4450-B0DF-26AFC22E93AB}"
EndProject
Project("{FAE04EC0-301F-11D3-BF4B-00C04F79EFBC}") = "CreditStatus.UnitTest", "CreditStatus.UnitTest\CreditStatus.UnitTest.csproj", "{97281F2B-449A-45F8-ADD8-61DA4914E2CE}"
EndProject
Global
	GlobalSection(SolutionConfigurationPlatforms) = preSolution
		Debug|Any CPU = Debug|Any CPU
		Debug|x64 = Debug|x64
		Release|Any CPU = Release|Any CPU
		Release|x64 = Release|x64
	EndGlobalSection
	GlobalSection(ProjectConfigurationPlatforms) = postSolution
		{56A77AE3-4D2B-494D-86CD-2D74258CD254}.Debug|Any CPU.ActiveCfg = Debug|x64
		{56A77AE3-4D2B-494D-86CD-2D74258CD254}.Debug|x64.ActiveCfg = Debug|x64
		{56A77AE3-4D2B-494D-86CD-2D74258CD254}.Debug|x64.Build.0 = Debug|x64
		{56A77AE3-4D2B-494D-86CD-2D74258CD254}.Debug|x64.Deploy.0 = Debug|x64
		{56A77AE3-4D2B-494D-86CD-2D74258CD254}.Release|Any CPU.ActiveCfg = Release|x64
		{56A77AE3-4D2B-494D-86CD-2D74258CD254}.Release|x64.ActiveCfg = Release|x64
		{56A77AE3-4D2B-494D-86CD-2D74258CD254}.Release|x64.Build.0 = Release|x64
		{56A77AE3-4D2B-494D-86CD-2D74258CD254}.Release|x64.Deploy.0 = Release|x64
		{22E90C09-0EF7-4C9B-847E-2DA2F11D1B7D}.Debug|Any CPU.ActiveCfg = Debug|x64
		{22E90C09-0EF7-4C9B-847E-2DA2F11D1B7D}.Debug|x64.ActiveCfg = Debug|x64
		{22E90C09-0EF7-4C9B-847E-2DA2F11D1B7D}.Debug|x64.Build.0 = Debug|x64
		{22E90C09-0EF7-4C9B-847E-2DA2F11D1B7D}.Release|Any CPU.ActiveCfg = Release|x64
		{22E90C09-0EF7-4C9B-847E-2DA2F11D1B7D}.Release|x64.ActiveCfg = Release|x64
		{22E90C09-0EF7-4C9B-847E-2DA2F11D1B7D}.Release|x64.Build.0 = Release|x64
		{7E340811-D099-41A2-832A-FD13CB633F4B}.Debug|Any CPU.ActiveCfg = Debug|Any CPU
		{7E340811-D099-41A2-832A-FD13CB633F4B}.Debug|Any CPU.Build.0 = Debug|Any CPU
		{7E340811-D099-41A2-832A-FD13CB633F4B}.Debug|x64.ActiveCfg = Debug|Any CPU
		{7E340811-D099-41A2-832A-FD13CB633F4B}.Debug|x64.Build.0 = Debug|Any CPU
		{7E340811-D099-41A2-832A-FD13CB633F4B}.Release|Any CPU.ActiveCfg = Release|Any CPU
		{7E340811-D099-41A2-832A-FD13CB633F4B}.Release|Any CPU.Build.0 = Release|Any CPU
		{7E340811-D099-41A2-832A-FD13CB633F4B}.Release|x64.ActiveCfg = Release|Any CPU
		{7E340811-D099-41A2-832A-FD13CB633F4B}.Release|x64.Build.0 = Release|Any CPU
		{47BA22AF-E595-4756-BF2A-5EC0D8B29EED}.Debug|Any CPU.ActiveCfg = Debug|Any CPU
		{47BA22AF-E595-4756-BF2A-5EC0D8B29EED}.Debug|Any CPU.Build.0 = Debug|Any CPU
		{47BA22AF-E595-4756-BF2A-5EC0D8B29EED}.Debug|x64.ActiveCfg = Debug|Any CPU
		{47BA22AF-E595-4756-BF2A-5EC0D8B29EED}.Debug|x64.Build.0 = Debug|Any CPU
		{47BA22AF-E595-4756-BF2A-5EC0D8B29EED}.Release|Any CPU.ActiveCfg = Release|Any CPU
		{47BA22AF-E595-4756-BF2A-5EC0D8B29EED}.Release|Any CPU.Build.0 = Release|Any CPU
		{47BA22AF-E595-4756-BF2A-5EC0D8B29EED}.Release|x64.ActiveCfg = Release|Any CPU
		{47BA22AF-E595-4756-BF2A-5EC0D8B29EED}.Release|x64.Build.0 = Release|Any CPU
		{7F596580-67E6-4B10-9092-58F0D8FAAB93}.Debug|Any CPU.ActiveCfg = Debug|Any CPU
		{7F596580-67E6-4B10-9092-58F0D8FAAB93}.Debug|Any CPU.Build.0 = Debug|Any CPU
		{7F596580-67E6-4B10-9092-58F0D8FAAB93}.Debug|x64.ActiveCfg = Debug|Any CPU
		{7F596580-67E6-4B10-9092-58F0D8FAAB93}.Debug|x64.Build.0 = Debug|Any CPU
		{7F596580-67E6-4B10-9092-58F0D8FAAB93}.Release|Any CPU.ActiveCfg = Release|Any CPU
		{7F596580-67E6-4B10-9092-58F0D8FAAB93}.Release|Any CPU.Build.0 = Release|Any CPU
		{7F596580-67E6-4B10-9092-58F0D8FAAB93}.Release|x64.ActiveCfg = Release|Any CPU
		{7F596580-67E6-4B10-9092-58F0D8FAAB93}.Release|x64.Build.0 = Release|Any CPU
		{1A76B909-8FB1-4D0D-8980-316496E284DC}.Debug|Any CPU.ActiveCfg = Debug|Any CPU
		{1A76B909-8FB1-4D0D-8980-316496E284DC}.Debug|Any CPU.Build.0 = Debug|Any CPU
		{1A76B909-8FB1-4D0D-8980-316496E284DC}.Debug|x64.ActiveCfg = Debug|Any CPU
		{1A76B909-8FB1-4D0D-8980-316496E284DC}.Debug|x64.Build.0 = Debug|Any CPU
		{1A76B909-8FB1-4D0D-8980-316496E284DC}.Release|Any CPU.ActiveCfg = Release|Any CPU
		{1A76B909-8FB1-4D0D-8980-316496E284DC}.Release|Any CPU.Build.0 = Release|Any CPU
		{1A76B909-8FB1-4D0D-8980-316496E284DC}.Release|x64.ActiveCfg = Release|Any CPU
		{1A76B909-8FB1-4D0D-8980-316496E284DC}.Release|x64.Build.0 = Release|Any CPU
		{224A7E79-7E9F-4450-B0DF-26AFC22E93AB}.Debug|Any CPU.ActiveCfg = Debug|Any CPU
		{224A7E79-7E9F-4450-B0DF-26AFC22E93AB}.Debug|Any CPU.Build.0 = Debug|Any CPU
		{224A7E79-7E9F-4450-B0DF-26AFC22E93AB}.Debug|x64.ActiveCfg = Debug|Any CPU
		{224A7E79-7E9F-4450-B0DF-26AFC22E93AB}.Debug|x64.Build.0 = Debug|Any CPU
		{224A7E79-7E9F-4450-B0DF-26AFC22E93AB}.Release|Any CPU.ActiveCfg = Release|Any CPU
		{224A7E79-7E9F-4450-B0DF-26AFC22E93AB}.Release|Any CPU.Build.0 = Release|Any CPU
		{224A7E79-7E9F-4450-B0DF-26AFC22E93AB}.Release|x64.ActiveCfg = Release|Any CPU
		{224A7E79-7E9F-4450-B0DF-26AFC22E93AB}.Release|x64.Build.0 = Release|Any CPU
		{97281F2B-449A-45F8-ADD8-61DA4914E2CE}.Debug|Any CPU.ActiveCfg = Debug|Any CPU
		{97281F2B-449A-45F8-ADD8-61DA4914E2CE}.Debug|Any CPU.Build.0 = Debug|Any CPU
		{97281F2B-449A-45F8-ADD8-61DA4914E2CE}.Debug|x64.ActiveCfg = Debug|Any CPU
		{97281F2B-449A-45F8-ADD8-61DA4914E2CE}.Debug|x64.Build.0 = Debug|Any CPU
		{97281F2B-449A-45F8-ADD8-61DA4914E2CE}.Release|Any CPU.ActiveCfg = Release|Any CPU
		{97281F2B-449A-45F8-ADD8-61DA4914E2CE}.Release|Any CPU.Build.0 = Release|Any CPU
		{97281F2B-449A-45F8-ADD8-61DA4914E2CE}.Release|x64.ActiveCfg = Release|Any CPU
		{97281F2B-449A-45F8-ADD8-61DA4914E2CE}.Release|x64.Build.0 = Release|Any CPU
	EndGlobalSection
	GlobalSection(SolutionProperties) = preSolution
		HideSolutionNode = FALSE
	EndGlobalSection
	GlobalSection(ExtensibilityGlobals) = postSolution
		EnterpriseLibraryConfigurationToolBinariesPathV6 = packages\EnterpriseLibrary.Common.6.0.1304.0\lib\NET45;packages\EnterpriseLibrary.Logging.6.0.1304.0\lib\NET45
	EndGlobalSection
	GlobalSection(TeamFoundationVersionControl) = preSolution
		SccNumberOfProjects = 9
		SccEnterpriseProvider = {4CA58AB2-18FA-4F8D-95D4-32DDF27D184C}
		SccTeamFoundationServer = http://c-mumsm12:8080/tfs/businesssolutions
		SccLocalPath0 = .
		SccProjectUniqueName1 = CreditStatus.API\\CreditStatus.API.csproj
		SccProjectName1 = CreditStatus.API
		SccLocalPath1 = CreditStatus.API
		SccProjectUniqueName2 = CreditStatus\\CreditStatus.sfproj
		SccProjectName2 = CreditStatus
		SccLocalPath2 = CreditStatus
		SccProjectUniqueName3 = CreditStatus.BusinessLayer\\CreditStatus.BusinessLayer.csproj
		SccProjectName3 = CreditStatus.BusinessLayer
		SccLocalPath3 = CreditStatus.BusinessLayer
		SccProjectUniqueName4 = CreditStatus.Common\\CreditStatus.Common.csproj
		SccProjectName4 = CreditStatus.Common
		SccLocalPath4 = CreditStatus.Common
		SccProjectUniqueName5 = CreditStatus.DataLayer\\CreditStatus.DataLayer.csproj
		SccProjectName5 = CreditStatus.DataLayer
		SccLocalPath5 = CreditStatus.DataLayer
		SccProjectUniqueName6 = CreditStatus.LoadTest\\CreditStatus.LoadTest.csproj
		SccProjectName6 = CreditStatus.LoadTest
		SccLocalPath6 = CreditStatus.LoadTest
		SccProjectUniqueName7 = CreditStatus.Model\\CreditStatus.Model.csproj
		SccProjectName7 = CreditStatus.Model
		SccLocalPath7 = CreditStatus.Model
		SccProjectUniqueName8 = CreditStatus.UnitTest\\CreditStatus.UnitTest.csproj
		SccProjectName8 = CreditStatus.UnitTest
		SccLocalPath8 = CreditStatus.UnitTest
	EndGlobalSection
EndGlobal
